// !$*UTF8*$!
{
	archiveVersion = 1;
	classes = {
	};
	objectVersion = 50;
	objects = {

/* Begin PBXBuildFile section */
		5B676664240B0CB700EA6F46 /* AppDelegate.swift in Sources */ = {isa = PBXBuildFile; fileRef = 5B676663240B0CB700EA6F46 /* AppDelegate.swift */; };
		5B676666240B0CB700EA6F46 /* SceneDelegate.swift in Sources */ = {isa = PBXBuildFile; fileRef = 5B676665240B0CB700EA6F46 /* SceneDelegate.swift */; };
		5B676668240B0CB700EA6F46 /* ViewController.swift in Sources */ = {isa = PBXBuildFile; fileRef = 5B676667240B0CB700EA6F46 /* ViewController.swift */; };
		5B67666B240B0CB700EA6F46 /* Main.storyboard in Resources */ = {isa = PBXBuildFile; fileRef = 5B676669240B0CB700EA6F46 /* Main.storyboard */; };
		5B67666D240B0CB800EA6F46 /* Assets.xcassets in Resources */ = {isa = PBXBuildFile; fileRef = 5B67666C240B0CB800EA6F46 /* Assets.xcassets */; };
		5B676670240B0CB800EA6F46 /* LaunchScreen.storyboard in Resources */ = {isa = PBXBuildFile; fileRef = 5B67666E240B0CB800EA6F46 /* LaunchScreen.storyboard */; };
		5B67667B240B0CB800EA6F46 /* MyAppTests.swift in Sources */ = {isa = PBXBuildFile; fileRef = 5B67667A240B0CB800EA6F46 /* MyAppTests.swift */; };
		5B67668C240B0D1400EA6F46 /* Feature.swift in Sources */ = {isa = PBXBuildFile; fileRef = 5B67668B240B0D1400EA6F46 /* Feature.swift */; };
		5B676691240B0D6D00EA6F46 /* libFeature.a in Frameworks */ = {isa = PBXBuildFile; fileRef = 5B676689240B0D1400EA6F46 /* libFeature.a */; };
		5B67669B240B0DCA00EA6F46 /* Core.swift in Sources */ = {isa = PBXBuildFile; fileRef = 5B67669A240B0DCA00EA6F46 /* Core.swift */; };
		5B67669F240B0FDD00EA6F46 /* libCore.a in Frameworks */ = {isa = PBXBuildFile; fileRef = 5B676698240B0DCA00EA6F46 /* libCore.a */; };
/* End PBXBuildFile section */

/* Begin PBXContainerItemProxy section */
		5B676677240B0CB800EA6F46 /* PBXContainerItemProxy */ = {
			isa = PBXContainerItemProxy;
			containerPortal = 5B676658240B0CB700EA6F46 /* Project object */;
			proxyType = 1;
			remoteGlobalIDString = 5B67665F240B0CB700EA6F46;
			remoteInfo = MyApp;
		};
		5B676692240B0D6D00EA6F46 /* PBXContainerItemProxy */ = {
			isa = PBXContainerItemProxy;
			containerPortal = 5B676658240B0CB700EA6F46 /* Project object */;
			proxyType = 1;
			remoteGlobalIDString = 5B676688240B0D1400EA6F46;
			remoteInfo = Feature;
		};
/* End PBXContainerItemProxy section */

/* Begin PBXCopyFilesBuildPhase section */
		5B676687240B0D1400EA6F46 /* CopyFiles */ = {
			isa = PBXCopyFilesBuildPhase;
			buildActionMask = 2147483647;
			dstPath = "include/$(PRODUCT_NAME)";
			dstSubfolderSpec = 16;
			files = (
			);
			runOnlyForDeploymentPostprocessing = 0;
		};
		5B676696240B0DCA00EA6F46 /* CopyFiles */ = {
			isa = PBXCopyFilesBuildPhase;
			buildActionMask = 2147483647;
			dstPath = "include/$(PRODUCT_NAME)";
			dstSubfolderSpec = 16;
			files = (
			);
			runOnlyForDeploymentPostprocessing = 0;
		};
/* End PBXCopyFilesBuildPhase section */

/* Begin PBXFileReference section */
		5B676660240B0CB700EA6F46 /* MyApp.app */ = {isa = PBXFileReference; explicitFileType = wrapper.application; includeInIndex = 0; path = MyApp.app; sourceTree = BUILT_PRODUCTS_DIR; };
		5B676663240B0CB700EA6F46 /* AppDelegate.swift */ = {isa = PBXFileReference; lastKnownFileType = sourcecode.swift; path = AppDelegate.swift; sourceTree = "<group>"; };
		5B676665240B0CB700EA6F46 /* SceneDelegate.swift */ = {isa = PBXFileReference; lastKnownFileType = sourcecode.swift; path = SceneDelegate.swift; sourceTree = "<group>"; };
		5B676667240B0CB700EA6F46 /* ViewController.swift */ = {isa = PBXFileReference; lastKnownFileType = sourcecode.swift; path = ViewController.swift; sourceTree = "<group>"; };
		5B67666A240B0CB700EA6F46 /* Base */ = {isa = PBXFileReference; lastKnownFileType = file.storyboard; name = Base; path = Base.lproj/Main.storyboard; sourceTree = "<group>"; };
		5B67666C240B0CB800EA6F46 /* Assets.xcassets */ = {isa = PBXFileReference; lastKnownFileType = folder.assetcatalog; path = Assets.xcassets; sourceTree = "<group>"; };
		5B67666F240B0CB800EA6F46 /* Base */ = {isa = PBXFileReference; lastKnownFileType = file.storyboard; name = Base; path = Base.lproj/LaunchScreen.storyboard; sourceTree = "<group>"; };
		5B676671240B0CB800EA6F46 /* Info.plist */ = {isa = PBXFileReference; lastKnownFileType = text.plist.xml; path = Info.plist; sourceTree = "<group>"; };
		5B676676240B0CB800EA6F46 /* MyAppTests.xctest */ = {isa = PBXFileReference; explicitFileType = wrapper.cfbundle; includeInIndex = 0; path = MyAppTests.xctest; sourceTree = BUILT_PRODUCTS_DIR; };
		5B67667A240B0CB800EA6F46 /* MyAppTests.swift */ = {isa = PBXFileReference; lastKnownFileType = sourcecode.swift; path = MyAppTests.swift; sourceTree = "<group>"; };
		5B67667C240B0CB800EA6F46 /* Info.plist */ = {isa = PBXFileReference; lastKnownFileType = text.plist.xml; path = Info.plist; sourceTree = "<group>"; };
		5B676689240B0D1400EA6F46 /* libFeature.a */ = {isa = PBXFileReference; explicitFileType = archive.ar; includeInIndex = 0; path = libFeature.a; sourceTree = BUILT_PRODUCTS_DIR; };
		5B67668B240B0D1400EA6F46 /* Feature.swift */ = {isa = PBXFileReference; lastKnownFileType = sourcecode.swift; path = Feature.swift; sourceTree = "<group>"; };
		5B676698240B0DCA00EA6F46 /* libCore.a */ = {isa = PBXFileReference; explicitFileType = archive.ar; includeInIndex = 0; path = libCore.a; sourceTree = BUILT_PRODUCTS_DIR; };
		5B67669A240B0DCA00EA6F46 /* Core.swift */ = {isa = PBXFileReference; lastKnownFileType = sourcecode.swift; path = Core.swift; sourceTree = "<group>"; };
/* End PBXFileReference section */

/* Begin PBXFrameworksBuildPhase section */
		5B67665D240B0CB700EA6F46 /* Frameworks */ = {
			isa = PBXFrameworksBuildPhase;
			buildActionMask = 2147483647;
			files = (
				5B67669F240B0FDD00EA6F46 /* libCore.a in Frameworks */,
				5B676691240B0D6D00EA6F46 /* libFeature.a in Frameworks */,
			);
			runOnlyForDeploymentPostprocessing = 0;
		};
		5B676673240B0CB800EA6F46 /* Frameworks */ = {
			isa = PBXFrameworksBuildPhase;
			buildActionMask = 2147483647;
			files = (
			);
			runOnlyForDeploymentPostprocessing = 0;
		};
		5B676686240B0D1400EA6F46 /* Frameworks */ = {
			isa = PBXFrameworksBuildPhase;
			buildActionMask = 2147483647;
			files = (
			);
			runOnlyForDeploymentPostprocessing = 0;
		};
		5B676695240B0DCA00EA6F46 /* Frameworks */ = {
			isa = PBXFrameworksBuildPhase;
			buildActionMask = 2147483647;
			files = (
			);
			runOnlyForDeploymentPostprocessing = 0;
		};
/* End PBXFrameworksBuildPhase section */

/* Begin PBXGroup section */
		5B676657240B0CB700EA6F46 = {
			isa = PBXGroup;
			children = (
				5B676662240B0CB700EA6F46 /* MyApp */,
				5B676679240B0CB800EA6F46 /* MyAppTests */,
				5B67668A240B0D1400EA6F46 /* Feature */,
				5B676699240B0DCA00EA6F46 /* Core */,
				5B676661240B0CB700EA6F46 /* Products */,
				5B676690240B0D6D00EA6F46 /* Frameworks */,
			);
			sourceTree = "<group>";
		};
		5B676661240B0CB700EA6F46 /* Products */ = {
			isa = PBXGroup;
			children = (
				5B676660240B0CB700EA6F46 /* MyApp.app */,
				5B676676240B0CB800EA6F46 /* MyAppTests.xctest */,
				5B676689240B0D1400EA6F46 /* libFeature.a */,
				5B676698240B0DCA00EA6F46 /* libCore.a */,
			);
			name = Products;
			sourceTree = "<group>";
		};
		5B676662240B0CB700EA6F46 /* MyApp */ = {
			isa = PBXGroup;
			children = (
				5B676663240B0CB700EA6F46 /* AppDelegate.swift */,
				5B676665240B0CB700EA6F46 /* SceneDelegate.swift */,
				5B676667240B0CB700EA6F46 /* ViewController.swift */,
				5B676669240B0CB700EA6F46 /* Main.storyboard */,
				5B67666C240B0CB800EA6F46 /* Assets.xcassets */,
				5B67666E240B0CB800EA6F46 /* LaunchScreen.storyboard */,
				5B676671240B0CB800EA6F46 /* Info.plist */,
			);
			path = MyApp;
			sourceTree = "<group>";
		};
		5B676679240B0CB800EA6F46 /* MyAppTests */ = {
			isa = PBXGroup;
			children = (
				5B67667A240B0CB800EA6F46 /* MyAppTests.swift */,
				5B67667C240B0CB800EA6F46 /* Info.plist */,
			);
			path = MyAppTests;
			sourceTree = "<group>";
		};
		5B67668A240B0D1400EA6F46 /* Feature */ = {
			isa = PBXGroup;
			children = (
				5B67668B240B0D1400EA6F46 /* Feature.swift */,
			);
			path = Feature;
			sourceTree = "<group>";
		};
		5B676690240B0D6D00EA6F46 /* Frameworks */ = {
			isa = PBXGroup;
			children = (
			);
			name = Frameworks;
			sourceTree = "<group>";
		};
		5B676699240B0DCA00EA6F46 /* Core */ = {
			isa = PBXGroup;
			children = (
				5B67669A240B0DCA00EA6F46 /* Core.swift */,
			);
			path = Core;
			sourceTree = "<group>";
		};
/* End PBXGroup section */

/* Begin PBXNativeTarget section */
		5B67665F240B0CB700EA6F46 /* MyApp */ = {
			isa = PBXNativeTarget;
			buildConfigurationList = 5B67667F240B0CB800EA6F46 /* Build configuration list for PBXNativeTarget "MyApp" */;
			buildPhases = (
				5B67665C240B0CB700EA6F46 /* Sources */,
				5B67665D240B0CB700EA6F46 /* Frameworks */,
				5B67665E240B0CB700EA6F46 /* Resources */,
			);
			buildRules = (
			);
			dependencies = (
				5B676693240B0D6D00EA6F46 /* PBXTargetDependency */,
			);
			name = MyApp;
			productName = MyApp;
			productReference = 5B676660240B0CB700EA6F46 /* MyApp.app */;
			productType = "com.apple.product-type.application";
		};
		5B676675240B0CB800EA6F46 /* MyAppTests */ = {
			isa = PBXNativeTarget;
			buildConfigurationList = 5B676682240B0CB800EA6F46 /* Build configuration list for PBXNativeTarget "MyAppTests" */;
			buildPhases = (
				5B676672240B0CB800EA6F46 /* Sources */,
				5B676673240B0CB800EA6F46 /* Frameworks */,
				5B676674240B0CB800EA6F46 /* Resources */,
			);
			buildRules = (
			);
			dependencies = (
				5B676678240B0CB800EA6F46 /* PBXTargetDependency */,
			);
			name = MyAppTests;
			productName = MyAppTests;
			productReference = 5B676676240B0CB800EA6F46 /* MyAppTests.xctest */;
			productType = "com.apple.product-type.bundle.unit-test";
		};
		5B676688240B0D1400EA6F46 /* Feature */ = {
			isa = PBXNativeTarget;
			buildConfigurationList = 5B67668D240B0D1400EA6F46 /* Build configuration list for PBXNativeTarget "Feature" */;
			buildPhases = (
				5B676685240B0D1400EA6F46 /* Sources */,
				5B676686240B0D1400EA6F46 /* Frameworks */,
				5B676687240B0D1400EA6F46 /* CopyFiles */,
			);
			buildRules = (
			);
			dependencies = (
			);
			name = Feature;
			productName = Feature;
			productReference = 5B676689240B0D1400EA6F46 /* libFeature.a */;
			productType = "com.apple.product-type.library.static";
		};
		5B676697240B0DCA00EA6F46 /* Core */ = {
			isa = PBXNativeTarget;
			buildConfigurationList = 5B67669C240B0DCA00EA6F46 /* Build configuration list for PBXNativeTarget "Core" */;
			buildPhases = (
				5B676694240B0DCA00EA6F46 /* Sources */,
				5B676695240B0DCA00EA6F46 /* Frameworks */,
				5B676696240B0DCA00EA6F46 /* CopyFiles */,
			);
			buildRules = (
			);
			dependencies = (
			);
			name = Core;
			productName = Core;
			productReference = 5B676698240B0DCA00EA6F46 /* libCore.a */;
			productType = "com.apple.product-type.library.static";
		};
/* End PBXNativeTarget section */

/* Begin PBXProject section */
		5B676658240B0CB700EA6F46 /* Project object */ = {
			isa = PBXProject;
			attributes = {
				LastSwiftUpdateCheck = 1130;
				LastUpgradeCheck = 1130;
				ORGANIZATIONNAME = Dosh;
				TargetAttributes = {
					5B67665F240B0CB700EA6F46 = {
						CreatedOnToolsVersion = 11.3.1;
					};
					5B676675240B0CB800EA6F46 = {
						CreatedOnToolsVersion = 11.3.1;
						TestTargetID = 5B67665F240B0CB700EA6F46;
					};
					5B676688240B0D1400EA6F46 = {
						CreatedOnToolsVersion = 11.3.1;
					};
					5B676697240B0DCA00EA6F46 = {
						CreatedOnToolsVersion = 11.3.1;
					};
				};
			};
			buildConfigurationList = 5B67665B240B0CB700EA6F46 /* Build configuration list for PBXProject "MyApp" */;
			compatibilityVersion = "Xcode 9.3";
			developmentRegion = en;
			hasScannedForEncodings = 0;
			knownRegions = (
				en,
				Base,
			);
			mainGroup = 5B676657240B0CB700EA6F46;
			productRefGroup = 5B676661240B0CB700EA6F46 /* Products */;
			projectDirPath = "";
			projectRoot = "";
			targets = (
				5B67665F240B0CB700EA6F46 /* MyApp */,
				5B676675240B0CB800EA6F46 /* MyAppTests */,
				5B676688240B0D1400EA6F46 /* Feature */,
				5B676697240B0DCA00EA6F46 /* Core */,
			);
		};
/* End PBXProject section */

/* Begin PBXResourcesBuildPhase section */
		5B67665E240B0CB700EA6F46 /* Resources */ = {
			isa = PBXResourcesBuildPhase;
			buildActionMask = 2147483647;
			files = (
				5B676670240B0CB800EA6F46 /* LaunchScreen.storyboard in Resources */,
				5B67666D240B0CB800EA6F46 /* Assets.xcassets in Resources */,
				5B67666B240B0CB700EA6F46 /* Main.storyboard in Resources */,
			);
			runOnlyForDeploymentPostprocessing = 0;
		};
		5B676674240B0CB800EA6F46 /* Resources */ = {
			isa = PBXResourcesBuildPhase;
			buildActionMask = 2147483647;
			files = (
			);
			runOnlyForDeploymentPostprocessing = 0;
		};
/* End PBXResourcesBuildPhase section */

/* Begin PBXSourcesBuildPhase section */
		5B67665C240B0CB700EA6F46 /* Sources */ = {
			isa = PBXSourcesBuildPhase;
			buildActionMask = 2147483647;
			files = (
				5B676668240B0CB700EA6F46 /* ViewController.swift in Sources */,
				5B676664240B0CB700EA6F46 /* AppDelegate.swift in Sources */,
				5B676666240B0CB700EA6F46 /* SceneDelegate.swift in Sources */,
			);
			runOnlyForDeploymentPostprocessing = 0;
		};
		5B676672240B0CB800EA6F46 /* Sources */ = {
			isa = PBXSourcesBuildPhase;
			buildActionMask = 2147483647;
			files = (
				5B67667B240B0CB800EA6F46 /* MyAppTests.swift in Sources */,
			);
			runOnlyForDeploymentPostprocessing = 0;
		};
		5B676685240B0D1400EA6F46 /* Sources */ = {
			isa = PBXSourcesBuildPhase;
			buildActionMask = 2147483647;
			files = (
				5B67668C240B0D1400EA6F46 /* Feature.swift in Sources */,
			);
			runOnlyForDeploymentPostprocessing = 0;
		};
		5B676694240B0DCA00EA6F46 /* Sources */ = {
			isa = PBXSourcesBuildPhase;
			buildActionMask = 2147483647;
			files = (
				5B67669B240B0DCA00EA6F46 /* Core.swift in Sources */,
			);
			runOnlyForDeploymentPostprocessing = 0;
		};
/* End PBXSourcesBuildPhase section */

/* Begin PBXTargetDependency section */
		5B676678240B0CB800EA6F46 /* PBXTargetDependency */ = {
			isa = PBXTargetDependency;
			target = 5B67665F240B0CB700EA6F46 /* MyApp */;
			targetProxy = 5B676677240B0CB800EA6F46 /* PBXContainerItemProxy */;
		};
		5B676693240B0D6D00EA6F46 /* PBXTargetDependency */ = {
			isa = PBXTargetDependency;
			target = 5B676688240B0D1400EA6F46 /* Feature */;
			targetProxy = 5B676692240B0D6D00EA6F46 /* PBXContainerItemProxy */;
		};
/* End PBXTargetDependency section */

/* Begin PBXVariantGroup section */
		5B676669240B0CB700EA6F46 /* Main.storyboard */ = {
			isa = PBXVariantGroup;
			children = (
				5B67666A240B0CB700EA6F46 /* Base */,
			);
			name = Main.storyboard;
			sourceTree = "<group>";
		};
		5B67666E240B0CB800EA6F46 /* LaunchScreen.storyboard */ = {
			isa = PBXVariantGroup;
			children = (
				5B67666F240B0CB800EA6F46 /* Base */,
			);
			name = LaunchScreen.storyboard;
			sourceTree = "<group>";
		};
/* End PBXVariantGroup section */

/* Begin XCBuildConfiguration section */
		5B67667D240B0CB800EA6F46 /* Debug */ = {
			isa = XCBuildConfiguration;
			buildSettings = {
				ALWAYS_SEARCH_USER_PATHS = NO;
				CLANG_ANALYZER_NONNULL = YES;
				CLANG_ANALYZER_NUMBER_OBJECT_CONVERSION = YES_AGGRESSIVE;
				CLANG_CXX_LANGUAGE_STANDARD = "gnu++14";
				CLANG_CXX_LIBRARY = "libc++";
				CLANG_ENABLE_MODULES = YES;
				CLANG_ENABLE_OBJC_ARC = YES;
				CLANG_ENABLE_OBJC_WEAK = YES;
				CLANG_WARN_BLOCK_CAPTURE_AUTORELEASING = YES;
				CLANG_WARN_BOOL_CONVERSION = YES;
				CLANG_WARN_COMMA = YES;
				CLANG_WARN_CONSTANT_CONVERSION = YES;
				CLANG_WARN_DEPRECATED_OBJC_IMPLEMENTATIONS = YES;
				CLANG_WARN_DIRECT_OBJC_ISA_USAGE = YES_ERROR;
				CLANG_WARN_DOCUMENTATION_COMMENTS = YES;
				CLANG_WARN_EMPTY_BODY = YES;
				CLANG_WARN_ENUM_CONVERSION = YES;
				CLANG_WARN_INFINITE_RECURSION = YES;
				CLANG_WARN_INT_CONVERSION = YES;
				CLANG_WARN_NON_LITERAL_NULL_CONVERSION = YES;
				CLANG_WARN_OBJC_IMPLICIT_RETAIN_SELF = YES;
				CLANG_WARN_OBJC_LITERAL_CONVERSION = YES;
				CLANG_WARN_OBJC_ROOT_CLASS = YES_ERROR;
				CLANG_WARN_RANGE_LOOP_ANALYSIS = YES;
				CLANG_WARN_STRICT_PROTOTYPES = YES;
				CLANG_WARN_SUSPICIOUS_MOVE = YES;
				CLANG_WARN_UNGUARDED_AVAILABILITY = YES_AGGRESSIVE;
				CLANG_WARN_UNREACHABLE_CODE = YES;
				CLANG_WARN__DUPLICATE_METHOD_MATCH = YES;
				COPY_PHASE_STRIP = NO;
				DEBUG_INFORMATION_FORMAT = dwarf;
				ENABLE_STRICT_OBJC_MSGSEND = YES;
				ENABLE_TESTABILITY = YES;
				GCC_C_LANGUAGE_STANDARD = gnu11;
				GCC_DYNAMIC_NO_PIC = NO;
				GCC_NO_COMMON_BLOCKS = YES;
				GCC_OPTIMIZATION_LEVEL = 0;
				GCC_PREPROCESSOR_DEFINITIONS = (
					"DEBUG=1",
					"$(inherited)",
				);
				GCC_WARN_64_TO_32_BIT_CONVERSION = YES;
				GCC_WARN_ABOUT_RETURN_TYPE = YES_ERROR;
				GCC_WARN_UNDECLARED_SELECTOR = YES;
				GCC_WARN_UNINITIALIZED_AUTOS = YES_AGGRESSIVE;
				GCC_WARN_UNUSED_FUNCTION = YES;
				GCC_WARN_UNUSED_VARIABLE = YES;
				IPHONEOS_DEPLOYMENT_TARGET = 13.2;
				MTL_ENABLE_DEBUG_INFO = INCLUDE_SOURCE;
				MTL_FAST_MATH = YES;
				ONLY_ACTIVE_ARCH = YES;
				SDKROOT = iphoneos;
				SWIFT_ACTIVE_COMPILATION_CONDITIONS = DEBUG;
				SWIFT_OPTIMIZATION_LEVEL = "-Onone";
			};
			name = Debug;
		};
		5B67667E240B0CB800EA6F46 /* Release */ = {
			isa = XCBuildConfiguration;
			buildSettings = {
				ALWAYS_SEARCH_USER_PATHS = NO;
				CLANG_ANALYZER_NONNULL = YES;
				CLANG_ANALYZER_NUMBER_OBJECT_CONVERSION = YES_AGGRESSIVE;
				CLANG_CXX_LANGUAGE_STANDARD = "gnu++14";
				CLANG_CXX_LIBRARY = "libc++";
				CLANG_ENABLE_MODULES = YES;
				CLANG_ENABLE_OBJC_ARC = YES;
				CLANG_ENABLE_OBJC_WEAK = YES;
				CLANG_WARN_BLOCK_CAPTURE_AUTORELEASING = YES;
				CLANG_WARN_BOOL_CONVERSION = YES;
				CLANG_WARN_COMMA = YES;
				CLANG_WARN_CONSTANT_CONVERSION = YES;
				CLANG_WARN_DEPRECATED_OBJC_IMPLEMENTATIONS = YES;
				CLANG_WARN_DIRECT_OBJC_ISA_USAGE = YES_ERROR;
				CLANG_WARN_DOCUMENTATION_COMMENTS = YES;
				CLANG_WARN_EMPTY_BODY = YES;
				CLANG_WARN_ENUM_CONVERSION = YES;
				CLANG_WARN_INFINITE_RECURSION = YES;
				CLANG_WARN_INT_CONVERSION = YES;
				CLANG_WARN_NON_LITERAL_NULL_CONVERSION = YES;
				CLANG_WARN_OBJC_IMPLICIT_RETAIN_SELF = YES;
				CLANG_WARN_OBJC_LITERAL_CONVERSION = YES;
				CLANG_WARN_OBJC_ROOT_CLASS = YES_ERROR;
				CLANG_WARN_RANGE_LOOP_ANALYSIS = YES;
				CLANG_WARN_STRICT_PROTOTYPES = YES;
				CLANG_WARN_SUSPICIOUS_MOVE = YES;
				CLANG_WARN_UNGUARDED_AVAILABILITY = YES_AGGRESSIVE;
				CLANG_WARN_UNREACHABLE_CODE = YES;
				CLANG_WARN__DUPLICATE_METHOD_MATCH = YES;
				COPY_PHASE_STRIP = NO;
				DEBUG_INFORMATION_FORMAT = "dwarf-with-dsym";
				ENABLE_NS_ASSERTIONS = NO;
				ENABLE_STRICT_OBJC_MSGSEND = YES;
				GCC_C_LANGUAGE_STANDARD = gnu11;
				GCC_NO_COMMON_BLOCKS = YES;
				GCC_WARN_64_TO_32_BIT_CONVERSION = YES;
				GCC_WARN_ABOUT_RETURN_TYPE = YES_ERROR;
				GCC_WARN_UNDECLARED_SELECTOR = YES;
				GCC_WARN_UNINITIALIZED_AUTOS = YES_AGGRESSIVE;
				GCC_WARN_UNUSED_FUNCTION = YES;
				GCC_WARN_UNUSED_VARIABLE = YES;
				IPHONEOS_DEPLOYMENT_TARGET = 13.2;
				MTL_ENABLE_DEBUG_INFO = NO;
				MTL_FAST_MATH = YES;
				SDKROOT = iphoneos;
				SWIFT_COMPILATION_MODE = wholemodule;
				SWIFT_OPTIMIZATION_LEVEL = "-O";
				VALIDATE_PRODUCT = YES;
			};
			name = Release;
		};
		5B676680240B0CB800EA6F46 /* Debug */ = {
			isa = XCBuildConfiguration;
			buildSettings = {
				ASSETCATALOG_COMPILER_APPICON_NAME = AppIcon;
				CODE_SIGN_STYLE = Automatic;
				DEVELOPMENT_TEAM = 25998EE8XK;
				INFOPLIST_FILE = MyApp/Info.plist;
				LD_RUNPATH_SEARCH_PATHS = (
					"$(inherited)",
					"@executable_path/Frameworks",
				);
				PRODUCT_BUNDLE_IDENTIFIER = com.dosh.MyApp;
				PRODUCT_NAME = "$(TARGET_NAME)";
				SWIFT_VERSION = 5.0;
				TARGETED_DEVICE_FAMILY = "1,2";
			};
			name = Debug;
		};
		5B676681240B0CB800EA6F46 /* Release */ = {
			isa = XCBuildConfiguration;
			buildSettings = {
				ASSETCATALOG_COMPILER_APPICON_NAME = AppIcon;
				CODE_SIGN_STYLE = Automatic;
				DEVELOPMENT_TEAM = 25998EE8XK;
				INFOPLIST_FILE = MyApp/Info.plist;
				LD_RUNPATH_SEARCH_PATHS = (
					"$(inherited)",
					"@executable_path/Frameworks",
				);
				PRODUCT_BUNDLE_IDENTIFIER = com.dosh.MyApp;
				PRODUCT_NAME = "$(TARGET_NAME)";
				SWIFT_VERSION = 5.0;
				TARGETED_DEVICE_FAMILY = "1,2";
			};
			name = Release;
		};
		5B676683240B0CB800EA6F46 /* Debug */ = {
			isa = XCBuildConfiguration;
			buildSettings = {
				ALWAYS_EMBED_SWIFT_STANDARD_LIBRARIES = YES;
				BUNDLE_LOADER = "$(TEST_HOST)";
				CODE_SIGN_STYLE = Automatic;
				DEVELOPMENT_TEAM = 25998EE8XK;
				INFOPLIST_FILE = MyAppTests/Info.plist;
				IPHONEOS_DEPLOYMENT_TARGET = 13.2;
				LD_RUNPATH_SEARCH_PATHS = (
					"$(inherited)",
					"@executable_path/Frameworks",
					"@loader_path/Frameworks",
				);
				PRODUCT_BUNDLE_IDENTIFIER = com.dosh.MyAppTests;
				PRODUCT_NAME = "$(TARGET_NAME)";
				SWIFT_VERSION = 5.0;
				TARGETED_DEVICE_FAMILY = "1,2";
				TEST_HOST = "$(BUILT_PRODUCTS_DIR)/MyApp.app/MyApp";
			};
			name = Debug;
		};
		5B676684240B0CB800EA6F46 /* Release */ = {
			isa = XCBuildConfiguration;
			buildSettings = {
				ALWAYS_EMBED_SWIFT_STANDARD_LIBRARIES = YES;
				BUNDLE_LOADER = "$(TEST_HOST)";
				CODE_SIGN_STYLE = Automatic;
				DEVELOPMENT_TEAM = 25998EE8XK;
				INFOPLIST_FILE = MyAppTests/Info.plist;
				IPHONEOS_DEPLOYMENT_TARGET = 13.2;
				LD_RUNPATH_SEARCH_PATHS = (
					"$(inherited)",
					"@executable_path/Frameworks",
					"@loader_path/Frameworks",
				);
				PRODUCT_BUNDLE_IDENTIFIER = com.dosh.MyAppTests;
				PRODUCT_NAME = "$(TARGET_NAME)";
				SWIFT_VERSION = 5.0;
				TARGETED_DEVICE_FAMILY = "1,2";
				TEST_HOST = "$(BUILT_PRODUCTS_DIR)/MyApp.app/MyApp";
			};
			name = Release;
		};
		5B67668E240B0D1400EA6F46 /* Debug */ = {
			isa = XCBuildConfiguration;
			buildSettings = {
				CODE_SIGN_STYLE = Automatic;
				DEVELOPMENT_TEAM = 25998EE8XK;
				OTHER_LDFLAGS = "-ObjC";
				PRODUCT_NAME = "$(TARGET_NAME)";
				SKIP_INSTALL = YES;
				SWIFT_VERSION = 5.0;
				TARGETED_DEVICE_FAMILY = "1,2";
			};
			name = Debug;
		};
		5B67668F240B0D1400EA6F46 /* Release */ = {
			isa = XCBuildConfiguration;
			buildSettings = {
				CODE_SIGN_STYLE = Automatic;
				DEVELOPMENT_TEAM = 25998EE8XK;
				OTHER_LDFLAGS = "-ObjC";
				PRODUCT_NAME = "$(TARGET_NAME)";
				SKIP_INSTALL = YES;
				SWIFT_VERSION = 5.0;
				TARGETED_DEVICE_FAMILY = "1,2";
			};
			name = Release;
		};
		5B67669D240B0DCA00EA6F46 /* Debug */ = {
			isa = XCBuildConfiguration;
			buildSettings = {
				CODE_SIGN_STYLE = Automatic;
				DEVELOPMENT_TEAM = 25998EE8XK;
				OTHER_LDFLAGS = "-ObjC";
				PRODUCT_NAME = "$(TARGET_NAME)";
				SKIP_INSTALL = YES;
				SWIFT_VERSION = 5.0;
				TARGETED_DEVICE_FAMILY = "1,2";
			};
			name = Debug;
		};
		5B67669E240B0DCA00EA6F46 /* Release */ = {
			isa = XCBuildConfiguration;
			buildSettings = {
				CODE_SIGN_STYLE = Automatic;
				DEVELOPMENT_TEAM = 25998EE8XK;
				OTHER_LDFLAGS = "-ObjC";
				PRODUCT_NAME = "$(TARGET_NAME)";
				SKIP_INSTALL = YES;
				SWIFT_VERSION = 5.0;
				TARGETED_DEVICE_FAMILY = "1,2";
			};
			name = Release;
		};
/* End XCBuildConfiguration section */

/* Begin XCConfigurationList section */
		5B67665B240B0CB700EA6F46 /* Build configuration list for PBXProject "MyApp" */ = {
			isa = XCConfigurationList;
			buildConfigurations = (
				5B67667D240B0CB800EA6F46 /* Debug */,
				5B67667E240B0CB800EA6F46 /* Release */,
			);
			defaultConfigurationIsVisible = 0;
			defaultConfigurationName = Release;
		};
		5B67667F240B0CB800EA6F46 /* Build configuration list for PBXNativeTarget "MyApp" */ = {
			isa = XCConfigurationList;
			buildConfigurations = (
				5B676680240B0CB800EA6F46 /* Debug */,
				5B676681240B0CB800EA6F46 /* Release */,
			);
			defaultConfigurationIsVisible = 0;
			defaultConfigurationName = Release;
		};
		5B676682240B0CB800EA6F46 /* Build configuration list for PBXNativeTarget "MyAppTests" */ = {
			isa = XCConfigurationList;
			buildConfigurations = (
				5B676683240B0CB800EA6F46 /* Debug */,
				5B676684240B0CB800EA6F46 /* Release */,
			);
			defaultConfigurationIsVisible = 0;
			defaultConfigurationName = Release;
		};
		5B67668D240B0D1400EA6F46 /* Build configuration list for PBXNativeTarget "Feature" */ = {
			isa = XCConfigurationList;
			buildConfigurations = (
				5B67668E240B0D1400EA6F46 /* Debug */,
				5B67668F240B0D1400EA6F46 /* Release */,
			);
			defaultConfigurationIsVisible = 0;
			defaultConfigurationName = Release;
		};
		5B67669C240B0DCA00EA6F46 /* Build configuration list for PBXNativeTarget "Core" */ = {
			isa = XCConfigurationList;
			buildConfigurations = (
				5B67669D240B0DCA00EA6F46 /* Debug */,
				5B67669E240B0DCA00EA6F46 /* Release */,
			);
			defaultConfigurationIsVisible = 0;
			defaultConfigurationName = Release;
		};
/* End XCConfigurationList section */
	};
	rootObject = 5B676658240B0CB700EA6F46 /* Project object */;
}
